#
# This file is autogenerated by pip-compile with Python 3.12
# by the following command:
#
#    pip-compile --extra=dev --output-file=requirements-dev.lock pyproject.toml
#
annotated-doc==0.0.4
    # via fastapi
annotated-types==0.7.0
    # via pydantic
anyio==4.14.2
    # via
    #   httpx
    #   starlette
    #   watchfiles
ast-serialize==0.6.0
    # via mypy
build==1.5.0
    # via pip-tools
certifi==2026.6.17
    # via
    #   httpcore
    #   httpx
click==8.4.2
    # via
    #   pip-tools
    #   uvicorn
colorama==0.4.6
    # via
    #   build
    #   click
    #   pytest
coverage[toml]==7.15.2
    # via pytest-cov
fastapi==0.139.2
    # via homefit-api (pyproject.toml)
h11==0.16.0
    # via
    #   httpcore
    #   uvicorn
httpcore==1.0.9
    # via httpx
httptools==0.8.0
    # via uvicorn
httpx==0.28.1
    # via homefit-api (pyproject.toml)
idna==3.18
    # via
    #   anyio
    #   httpx
iniconfig==2.3.0
    # via pytest
librt==0.13.0
    # via mypy
mypy==2.3.0
    # via homefit-api (pyproject.toml)
mypy-extensions==1.1.0
    # via mypy
packaging==26.2
    # via
    #   build
    #   pytest
    #   wheel
pathspec==1.1.1
    # via mypy
pip-tools==7.6.0
    # via homefit-api (pyproject.toml)
pluggy==1.6.0
    # via
    #   pytest
    #   pytest-cov
psycopg[binary]==3.3.4
    # via homefit-api (pyproject.toml)
psycopg-binary==3.3.4
    # via psycopg
pydantic==2.13.4
    # via
    #   fastapi
    #   pydantic-settings
pydantic-core==2.46.4
    # via pydantic
pydantic-settings==2.14.2
    # via homefit-api (pyproject.toml)
pypdf==6.14.2
    # via homefit-api (pyproject.toml)
pygments==2.20.0
    # via pytest
pyproject-hooks==1.2.0
    # via
    #   build
    #   pip-tools
pytest==9.1.1
    # via
    #   homefit-api (pyproject.toml)
    #   pytest-cov
pytest-cov==7.1.0
    # via homefit-api (pyproject.toml)
python-dotenv==1.2.2
    # via
    #   pydantic-settings
    #   uvicorn
python-multipart==0.0.32
    # via homefit-api (pyproject.toml)
pyyaml==6.0.3
    # via uvicorn
ruff==0.15.22
    # via homefit-api (pyproject.toml)
starlette==1.3.1
    # via fastapi
typing-extensions==4.16.0
    # via
    #   anyio
    #   fastapi
    #   mypy
    #   psycopg
    #   pydantic
    #   pydantic-core
    #   starlette
    #   typing-inspection
typing-inspection==0.4.2
    # via
    #   fastapi
    #   pydantic
    #   pydantic-settings
tzdata==2026.3
    # via psycopg
uvicorn[standard]==0.51.0
    # via homefit-api (pyproject.toml)
watchfiles==1.2.0
    # via uvicorn
websockets==16.1.1
    # via uvicorn
wheel==0.47.0
    # via pip-tools

# The following packages are considered to be unsafe in a requirements file:
# pip
# setuptools
